{
  "version": 4,
  "terraform_version": "0.12.18",
  "serial": 157,
  "lineage": "6a8c424a-f1e3-04e4-45ee-455d324f2fac",
  "outputs": {
    "dev_url": {
      "value": "https://x1jt5d05a4.execute-api.us-east-1.amazonaws.com/test",
      "type": "string"
    }
  },
  "resources": [
    {
      "mode": "managed",
      "type": "aws_api_gateway_deployment",
      "name": "test-lambda",
      "provider": "provider.aws",
      "instances": [
        {
          "schema_version": 0,
          "attributes": {
            "created_date": "2020-01-12T15:20:44Z",
            "description": "",
            "execution_arn": "arn:aws:execute-api:us-east-1:069818277826:x1jt5d05a4/test",
            "id": "x1s91w",
            "invoke_url": "https://x1jt5d05a4.execute-api.us-east-1.amazonaws.com/test",
            "rest_api_id": "x1jt5d05a4",
            "stage_description": null,
            "stage_name": "test",
            "variables": null
          },
          "private": "bnVsbA==",
          "dependencies": [
            "aws_api_gateway_integration.lambda",
            "aws_api_gateway_method.movie",
            "aws_api_gateway_rest_api.test_badmovies",
            "aws_iam_role.lambda_exec_role",
            "aws_lambda_function.practice_lambda_function"
          ]
        }
      ]
    },
    {
      "mode": "managed",
      "type": "aws_api_gateway_integration",
      "name": "lambda",
      "provider": "provider.aws",
      "instances": [
        {
          "schema_version": 0,
          "attributes": {
            "cache_key_parameters": [],
            "cache_namespace": "q8wybt",
            "connection_id": "",
            "connection_type": "INTERNET",
            "content_handling": "",
            "credentials": "",
            "http_method": "ANY",
            "id": "agi-x1jt5d05a4-q8wybt-ANY",
            "integration_http_method": "POST",
            "passthrough_behavior": "WHEN_NO_MATCH",
            "request_parameters": {},
            "request_parameters_in_json": null,
            "request_templates": {},
            "resource_id": "q8wybt",
            "rest_api_id": "x1jt5d05a4",
            "timeout_milliseconds": 29000,
            "type": "AWS_PROXY",
            "uri": "arn:aws:apigateway:us-east-1:lambda:path/2015-03-31/functions/arn:aws:lambda:us-east-1:069818277826:function:test_movie_function/invocations"
          },
          "private": "bnVsbA==",
          "dependencies": [
            "aws_api_gateway_method.movie",
            "aws_api_gateway_rest_api.test_badmovies",
            "aws_iam_role.lambda_exec_role",
            "aws_lambda_function.practice_lambda_function"
          ]
        }
      ]
    },
    {
      "mode": "managed",
      "type": "aws_api_gateway_method",
      "name": "movie",
      "provider": "provider.aws",
      "instances": [
        {
          "schema_version": 0,
          "attributes": {
            "api_key_required": false,
            "authorization": "NONE",
            "authorization_scopes": [],
            "authorizer_id": "",
            "http_method": "ANY",
            "id": "agm-x1jt5d05a4-q8wybt-ANY",
            "request_models": {},
            "request_parameters": {},
            "request_parameters_in_json": null,
            "request_validator_id": "",
            "resource_id": "q8wybt",
            "rest_api_id": "x1jt5d05a4"
          },
          "private": "bnVsbA==",
          "dependencies": [
            "aws_api_gateway_resource.movie",
            "aws_api_gateway_rest_api.test_badmovies"
          ]
        }
      ]
    },
    {
      "mode": "managed",
      "type": "aws_api_gateway_resource",
      "name": "movie",
      "provider": "provider.aws",
      "instances": [
        {
          "schema_version": 0,
          "attributes": {
            "id": "q8wybt",
            "parent_id": "c55s5gqt38",
            "path": "/movie",
            "path_part": "movie",
            "rest_api_id": "x1jt5d05a4"
          },
          "private": "bnVsbA==",
          "dependencies": [
            "aws_api_gateway_rest_api.test_badmovies"
          ]
        }
      ]
    },
    {
      "mode": "managed",
      "type": "aws_api_gateway_rest_api",
      "name": "test_badmovies",
      "provider": "provider.aws",
      "instances": [
        {
          "schema_version": 0,
          "attributes": {
            "api_key_source": "HEADER",
            "arn": "arn:aws:apigateway:us-east-1::/restapis/x1jt5d05a4",
            "binary_media_types": [],
            "body": null,
            "created_date": "2020-01-12T15:19:51Z",
            "description": "Our bad movies gateway",
            "endpoint_configuration": [
              {
                "types": [
                  "EDGE"
                ]
              }
            ],
            "execution_arn": "arn:aws:execute-api:us-east-1:069818277826:x1jt5d05a4",
            "id": "x1jt5d05a4",
            "minimum_compression_size": -1,
            "name": "BadmoviesAPI",
            "policy": "",
            "root_resource_id": "c55s5gqt38",
            "tags": {}
          },
          "private": "bnVsbA=="
        }
      ]
    },
    {
      "mode": "managed",
      "type": "aws_iam_policy",
      "name": "lambda_logging",
      "provider": "provider.aws",
      "instances": [
        {
          "schema_version": 0,
          "attributes": {
            "arn": "arn:aws:iam::069818277826:policy/lambda_logging_4",
            "description": "IAM policy for logging from a lambda",
            "id": "arn:aws:iam::069818277826:policy/lambda_logging_4",
            "name": "lambda_logging_4",
            "name_prefix": null,
            "path": "/",
            "policy": "{\r\n  \"Version\": \"2012-10-17\",\r\n  \"Statement\": [\r\n    {\r\n      \"Action\": [\r\n        \"logs:CreateLogGroup\",\r\n        \"logs:CreateLogStream\",\r\n        \"logs:PutLogEvents\"\r\n      ],\r\n      \"Resource\": \"arn:aws:logs:*:*:*\",\r\n      \"Effect\": \"Allow\"\r\n    }\r\n  ]\r\n}\r\n"
          },
          "private": "bnVsbA=="
        }
      ]
    },
    {
      "mode": "managed",
      "type": "aws_iam_role",
      "name": "lambda_exec_role",
      "provider": "provider.aws",
      "instances": [
        {
          "schema_version": 0,
          "attributes": {
            "arn": "arn:aws:iam::069818277826:role/lambda_exec",
            "assume_role_policy": "{\"Version\":\"2012-10-17\",\"Statement\":[{\"Effect\":\"Allow\",\"Principal\":{\"Service\":\"lambda.amazonaws.com\"},\"Action\":\"sts:AssumeRole\"}]}",
            "create_date": "2020-01-12T15:19:51Z",
            "description": "Allows Lambda Function to call AWS services on your behalf.",
            "force_detach_policies": false,
            "id": "lambda_exec",
            "max_session_duration": 3600,
            "name": "lambda_exec",
            "name_prefix": null,
            "path": "/",
            "permissions_boundary": null,
            "tags": {},
            "unique_id": "AROARAQL6L7BF6FPPSI5C"
          },
          "private": "bnVsbA=="
        }
      ]
    },
    {
      "mode": "managed",
      "type": "aws_iam_role_policy_attachment",
      "name": "lambda_logs",
      "provider": "provider.aws",
      "instances": [
        {
          "schema_version": 0,
          "attributes": {
            "id": "lambda_exec-20200112151952717600000001",
            "policy_arn": "arn:aws:iam::069818277826:policy/lambda_logging_4",
            "role": "lambda_exec"
          },
          "private": "bnVsbA==",
          "dependencies": [
            "aws_iam_policy.lambda_logging",
            "aws_iam_role.lambda_exec_role"
          ]
        }
      ]
    },
    {
      "mode": "managed",
      "type": "aws_lambda_function",
      "name": "practice_lambda_function",
      "provider": "provider.aws",
      "instances": [
        {
          "schema_version": 0,
          "attributes": {
            "arn": "arn:aws:lambda:us-east-1:069818277826:function:test_movie_function",
            "dead_letter_config": [],
            "description": "",
            "environment": [
              {
                "variables": {
                  "API_KEY": "apikey=dd070ac3",
                  "API_URL": "http://www.omdbapi.com/",
                  "ENV": "prod"
                }
              }
            ],
            "filename": "../badmoviesapi/badmoviesapi.zip",
            "function_name": "test_movie_function",
            "handler": "badmoviesapi.handler",
            "id": "test_movie_function",
            "invoke_arn": "arn:aws:apigateway:us-east-1:lambda:path/2015-03-31/functions/arn:aws:lambda:us-east-1:069818277826:function:test_movie_function/invocations",
            "kms_key_arn": "",
            "last_modified": "2020-01-12T17:06:14.370+0000",
            "layers": [],
            "memory_size": 128,
            "publish": false,
            "qualified_arn": "arn:aws:lambda:us-east-1:069818277826:function:test_movie_function:$LATEST",
            "reserved_concurrent_executions": -1,
            "role": "arn:aws:iam::069818277826:role/lambda_exec",
            "runtime": "python3.6",
            "s3_bucket": null,
            "s3_key": null,
            "s3_object_version": null,
            "source_code_hash": "sr/aPPQ7aSw8r4wITUS8ZuTgFYFhzHi0Roz0aT7/1BU=",
            "source_code_size": 4932336,
            "tags": {},
            "timeout": 3,
            "timeouts": null,
            "tracing_config": [
              {
                "mode": "PassThrough"
              }
            ],
            "version": "$LATEST",
            "vpc_config": []
          },
          "private": "eyJlMmJmYjczMC1lY2FhLTExZTYtOGY4OC0zNDM2M2JjN2M0YzAiOnsiY3JlYXRlIjo2MDAwMDAwMDAwMDB9fQ==",
          "dependencies": [
            "aws_iam_role.lambda_exec_role"
          ]
        }
      ]
    },
    {
      "mode": "managed",
      "type": "aws_lambda_permission",
      "name": "apigw",
      "provider": "provider.aws",
      "instances": [
        {
          "schema_version": 0,
          "attributes": {
            "action": "lambda:InvokeFunction",
            "event_source_token": null,
            "function_name": "arn:aws:lambda:us-east-1:069818277826:function:test_movie_function",
            "id": "AllowAPIGatewayInvoke",
            "principal": "apigateway.amazonaws.com",
            "qualifier": "",
            "source_account": null,
            "source_arn": "arn:aws:execute-api:us-east-1:069818277826:x1jt5d05a4/test/*/*",
            "statement_id": "AllowAPIGatewayInvoke",
            "statement_id_prefix": null
          },
          "private": "bnVsbA==",
          "dependencies": [
            "aws_api_gateway_deployment.test-lambda",
            "aws_api_gateway_integration.lambda",
            "aws_api_gateway_method.movie",
            "aws_api_gateway_rest_api.test_badmovies",
            "aws_iam_role.lambda_exec_role",
            "aws_lambda_function.practice_lambda_function"
          ]
        }
      ]
    }
  ]
}
